
Microsoft Visual Studio Solution File, Format Version 12.00
# Visual Studio Version 16
VisualStudioVersion = 16.0.31829.152
MinimumVisualStudioVersion = 10.0.40219.1
Project("{9A19103F-16F7-4668-BE54-9A1E7A4F7556}") = "Memento", "Memento\Memento.csproj", "{F8CE49EF-7BE7-4FBB-A125-55ECB3596168}"
EndProject
Project("{9A19103F-16F7-4668-BE54-9A1E7A4F7556}") = "MementoTests", "MementoTests\MementoTests.csproj", "{D070A193-D5B3-485A-8FC1-679E9FAD1022}"
EndProject
Project("{2150E333-8FDC-42A3-9474-1A3956D46DE8}") = "Solution Items", "Solution Items", "{E9A5E59D-D757-44BC-828C-A9D6CA69C6EA}"
	ProjectSection(SolutionItems) = preProject
		.gitignore = .gitignore
	EndProjectSection
EndProject
Global
	GlobalSection(SolutionConfigurationPlatforms) = preSolution
		Debug|Any CPU = Debug|Any CPU
		Release|Any CPU = Release|Any CPU
	EndGlobalSection
	GlobalSection(ProjectConfigurationPlatforms) = postSolution
		{F8CE49EF-7BE7-4FBB-A125-55ECB3596168}.Debug|Any CPU.ActiveCfg = Debug|Any CPU
		{F8CE49EF-7BE7-4FBB-A125-55ECB3596168}.Debug|Any CPU.Build.0 = Debug|Any CPU
		{F8CE49EF-7BE7-4FBB-A125-55ECB3596168}.Release|Any CPU.ActiveCfg = Release|Any CPU
		{F8CE49EF-7BE7-4FBB-A125-55ECB3596168}.Release|Any CPU.Build.0 = Release|Any CPU
		{D070A193-D5B3-485A-8FC1-679E9FAD1022}.Debug|Any CPU.ActiveCfg = Debug|Any CPU
		{D070A193-D5B3-485A-8FC1-679E9FAD1022}.Debug|Any CPU.Build.0 = Debug|Any CPU
		{D070A193-D5B3-485A-8FC1-679E9FAD1022}.Release|Any CPU.ActiveCfg = Release|Any CPU
		{D070A193-D5B3-485A-8FC1-679E9FAD1022}.Release|Any CPU.Build.0 = Release|Any CPU
	EndGlobalSection
	GlobalSection(SolutionProperties) = preSolution
		HideSolutionNode = FALSE
	EndGlobalSection
	GlobalSection(ExtensibilityGlobals) = postSolution
		SolutionGuid = {D559A4D3-0C8D-4012-A732-737654831D6C}
	EndGlobalSection
EndGlobal
